{
  "object": {
    "pins": [
      {
        "package": "AdjustSignature",
        "repositoryURL": "https://github.com/adjust/adjust_signature_sdk.git",
        "state": {
          "branch": null,
          "revision": "435cf025774f677c187e2cdb260383bb47d4c8ae",
          "version": "3.35.1"
        }
      },
      {
        "package": "Segment",
        "repositoryURL": "https://github.com/segmentio/analytics-swift.git",
        "state": {
          "branch": null,
          "revision": "79fb17a5d4abf8f80e6a0935e57c7df7b670a6c0",
          "version": "1.4.1"
        }
      },
      {
        "package": "AdjustSdk",
        "repositoryURL": "https://github.com/adjust/ios_sdk",
        "state": {
          "branch": null,
          "revision": "c419718364e9f360c602a17a64b91c591f33fe6a",
          "version": "5.0.1"
        }
      },
      {
        "package": "Sovran",
        "repositoryURL": "https://github.com/segmentio/Sovran-Swift.git",
        "state": {
          "branch": null,
          "revision": "944c17d7c46bd95fc37f09136cabd172be5b413b",
          "version": "1.0.3"
        }
      }
    ]
  },
  "version": 1
}
